
Microsoft Visual Studio Solution File, Format Version 12.00
# Visual Studio Version 17
VisualStudioVersion = 17.7.34221.43
MinimumVisualStudioVersion = 10.0.40219.1
Project("{8BC9CEB8-8B4A-11D0-8D11-00A0C91BC942}") = "lab2_13", "lab2_13\lab2_13.vcxproj", "{F37F7B75-26FF-4526-9A03-667A931CF4DE}"
EndProject
Global
	GlobalSection(SolutionConfigurationPlatforms) = preSolution
		Debug|x64 = Debug|x64
		Debug|x86 = Debug|x86
		Release|x64 = Release|x64
		Release|x86 = Release|x86
	EndGlobalSection
	GlobalSection(ProjectConfigurationPlatforms) = postSolution
		{F37F7B75-26FF-4526-9A03-667A931CF4DE}.Debug|x64.ActiveCfg = Debug|x64
		{F37F7B75-26FF-4526-9A03-667A931CF4DE}.Debug|x64.Build.0 = Debug|x64
		{F37F7B75-26FF-4526-9A03-667A931CF4DE}.Debug|x86.ActiveCfg = Debug|Win32
		{F37F7B75-26FF-4526-9A03-667A931CF4DE}.Debug|x86.Build.0 = Debug|Win32
		{F37F7B75-26FF-4526-9A03-667A931CF4DE}.Release|x64.ActiveCfg = Release|x64
		{F37F7B75-26FF-4526-9A03-667A931CF4DE}.Release|x64.Build.0 = Release|x64
		{F37F7B75-26FF-4526-9A03-667A931CF4DE}.Release|x86.ActiveCfg = Release|Win32
		{F37F7B75-26FF-4526-9A03-667A931CF4DE}.Release|x86.Build.0 = Release|Win32
	EndGlobalSection
	GlobalSection(SolutionProperties) = preSolution
		HideSolutionNode = FALSE
	EndGlobalSection
	GlobalSection(ExtensibilityGlobals) = postSolution
		SolutionGuid = {9808721C-6E72-4EED-8A5B-E3959F33A01F}
	EndGlobalSection
EndGlobal
